// !$*UTF8*$!
{
	archiveVersion = 1;
	classes = {
	};
	objectVersion = 77;
	objects = {

/* Begin PBXBuildFile section */
		07C42068B7266377CF890D07 /* RereminderClip.app in Embed App Clips */ = {isa = PBXBuildFile; fileRef = A78942BCAED1D1FFB2FDB397 /* RereminderClip.app */; platformFilter = ios; settings = {ATTRIBUTES = (RemoveHeadersOnCopy, ); }; };
		1EE0C17AC0DE000000000003 /* LeeoKit in Frameworks */ = {isa = PBXBuildFile; productRef = 1EE0C17AC0DE000000000002 /* LeeoKit */; };
		2B302B142E4375170089A14A /* RereminderWatch.app in Embed Watch Content */ = {isa = PBXBuildFile; fileRef = 2B302B0A2E4375150089A14A /* RereminderWatch.app */; platformFilter = ios; settings = {ATTRIBUTES = (RemoveHeadersOnCopy, ); }; };
		581D85DC2F48C24200F2F032 /* StoreKit.framework in Frameworks */ = {isa = PBXBuildFile; fileRef = 581D85DB2F48C24200F2F032 /* StoreKit.framework */; };
		58AA3EB02ECF5509007D4BBD /* WidgetKit.framework in Frameworks */ = {isa = PBXBuildFile; fileRef = 58AA3EAF2ECF5509007D4BBD /* WidgetKit.framework */; };
		58AA3EB22ECF5509007D4BBD /* SwiftUI.framework in Frameworks */ = {isa = PBXBuildFile; fileRef = 58AA3EB12ECF5509007D4BBD /* SwiftUI.framework */; };
		58AA3EC32ECF550B007D4BBD /* RereminderAlarmExtension.appex in Embed Foundation Extensions */ = {isa = PBXBuildFile; fileRef = 58AA3EAD2ECF5509007D4BBD /* RereminderAlarmExtension.appex */; platformFilter = ios; settings = {ATTRIBUTES = (RemoveHeadersOnCopy, ); }; };
		9D00000E2F4000000000000E /* RereminderWatchWidgetExtension.appex in Embed Foundation Extensions */ = {isa = PBXBuildFile; fileRef = 9D0000012F40000000000001 /* RereminderWatchWidgetExtension.appex */; settings = {ATTRIBUTES = (RemoveHeadersOnCopy, ); }; };
		AA10AB0D2F20C0000000000D /* RereminderMenuBar.bundle in Embed PlugIns */ = {isa = PBXBuildFile; fileRef = AA10AB012F20C00000000001 /* RereminderMenuBar.bundle */; platformFilter = maccatalyst; settings = {ATTRIBUTES = (RemoveHeadersOnCopy, ); }; };
/* End PBXBuildFile section */

/* Begin PBXContainerItemProxy section */
		2B302B122E4375170089A14A /* PBXContainerItemProxy */ = {
			isa = PBXContainerItemProxy;
			containerPortal = 260414C32E1B9FA200CBA29B /* Project object */;
			proxyType = 1;
			remoteGlobalIDString = 2B302B092E4375150089A14A;
			remoteInfo = RereminderWatch;
		};
		58AA3EC12ECF550B007D4BBD /* PBXContainerItemProxy */ = {
			isa = PBXContainerItemProxy;
			containerPortal = 260414C32E1B9FA200CBA29B /* Project object */;
			proxyType = 1;
			remoteGlobalIDString = 58AA3EAC2ECF5509007D4BBD;
			remoteInfo = RereminderAlarmExtension;
		};
		7E57AB052F30000000000005 /* PBXContainerItemProxy */ = {
			isa = PBXContainerItemProxy;
			containerPortal = 260414C32E1B9FA200CBA29B /* Project object */;
			proxyType = 1;
			remoteGlobalIDString = 260414CA2E1B9FA200CBA29B;
			remoteInfo = Rereminder;
		};
		99710589F5E66A7D0F32C3B8 /* PBXContainerItemProxy */ = {
			isa = PBXContainerItemProxy;
			containerPortal = 260414C32E1B9FA200CBA29B /* Project object */;
			proxyType = 1;
			remoteGlobalIDString = 6ED914668010A8B195B84C58;
			remoteInfo = RereminderClip;
		};
		9D00000F2F4000000000000F /* PBXContainerItemProxy */ = {
			isa = PBXContainerItemProxy;
			containerPortal = 260414C32E1B9FA200CBA29B /* Project object */;
			proxyType = 1;
			remoteGlobalIDString = 9D0000062F40000000000006;
			remoteInfo = RereminderWatchWidgetExtension;
		};
		AA10AB0A2F20C0000000000A /* PBXContainerItemProxy */ = {
			isa = PBXContainerItemProxy;
			containerPortal = 260414C32E1B9FA200CBA29B /* Project object */;
			proxyType = 1;
			remoteGlobalIDString = AA10AB032F20C00000000003;
			remoteInfo = RereminderMenuBar;
		};
/* End PBXContainerItemProxy section */

/* Begin PBXCopyFilesBuildPhase section */
		2B302B182E4375170089A14A /* Embed Watch Content */ = {
			isa = PBXCopyFilesBuildPhase;
			buildActionMask = 2147483647;
			dstPath = "$(CONTENTS_FOLDER_PATH)/Watch";
			dstSubfolderSpec = 16;
			files = (
				2B302B142E4375170089A14A /* RereminderWatch.app in Embed Watch Content */,
			);
			name = "Embed Watch Content";
			runOnlyForDeploymentPostprocessing = 0;
		};
		58AA3EC82ECF550B007D4BBD /* Embed Foundation Extensions */ = {
			isa = PBXCopyFilesBuildPhase;
			buildActionMask = 2147483647;
			dstPath = "";
			dstSubfolderSpec = 13;
			files = (
				58AA3EC32ECF550B007D4BBD /* RereminderAlarmExtension.appex in Embed Foundation Extensions */,
			);
			name = "Embed Foundation Extensions";
			runOnlyForDeploymentPostprocessing = 0;
		};
		9D00000D2F4000000000000D /* Embed Foundation Extensions */ = {
			isa = PBXCopyFilesBuildPhase;
			buildActionMask = 2147483647;
			dstPath = "";
			dstSubfolderSpec = 13;
			files = (
				9D00000E2F4000000000000E /* RereminderWatchWidgetExtension.appex in Embed Foundation Extensions */,
			);
			name = "Embed Foundation Extensions";
			runOnlyForDeploymentPostprocessing = 0;
		};
		AA10AB0C2F20C0000000000C /* Embed PlugIns */ = {
			isa = PBXCopyFilesBuildPhase;
			buildActionMask = 2147483647;
			dstPath = "";
			dstSubfolderSpec = 13;
			files = (
				AA10AB0D2F20C0000000000D /* RereminderMenuBar.bundle in Embed PlugIns */,
			);
			name = "Embed PlugIns";
			runOnlyForDeploymentPostprocessing = 0;
		};
		E094B04C1B60276B3E7EE857 /* Embed App Clips */ = {
			isa = PBXCopyFilesBuildPhase;
			buildActionMask = 2147483647;
			dstPath = "$(CONTENTS_FOLDER_PATH)/AppClips";
			dstSubfolderSpec = 16;
			files = (
			);
			name = "Embed App Clips";
			runOnlyForDeploymentPostprocessing = 0;
		};
/* End PBXCopyFilesBuildPhase section */

/* Begin PBXFileReference section */
		260414CB2E1B9FA200CBA29B /* Rereminder.app */ = {isa = PBXFileReference; explicitFileType = wrapper.application; includeInIndex = 0; path = Rereminder.app; sourceTree = BUILT_PRODUCTS_DIR; };
		2B302B0A2E4375150089A14A /* RereminderWatch.app */ = {isa = PBXFileReference; explicitFileType = wrapper.application; includeInIndex = 0; path = RereminderWatch.app; sourceTree = BUILT_PRODUCTS_DIR; };
		581D85DB2F48C24200F2F032 /* StoreKit.framework */ = {isa = PBXFileReference; lastKnownFileType = wrapper.framework; name = StoreKit.framework; path = System/Library/Frameworks/StoreKit.framework; sourceTree = SDKROOT; };
		58AA3EAD2ECF5509007D4BBD /* RereminderAlarmExtension.appex */ = {isa = PBXFileReference; explicitFileType = "wrapper.app-extension"; includeInIndex = 0; path = RereminderAlarmExtension.appex; sourceTree = BUILT_PRODUCTS_DIR; };
		58AA3EAF2ECF5509007D4BBD /* WidgetKit.framework */ = {isa = PBXFileReference; lastKnownFileType = wrapper.framework; name = WidgetKit.framework; path = System/Library/Frameworks/WidgetKit.framework; sourceTree = SDKROOT; };
		58AA3EB12ECF5509007D4BBD /* SwiftUI.framework */ = {isa = PBXFileReference; lastKnownFileType = wrapper.framework; name = SwiftUI.framework; path = System/Library/Frameworks/SwiftUI.framework; sourceTree = SDKROOT; };
		58AA3ECA2ECF5541007D4BBD /* RereminderAlarmExtension.entitlements */ = {isa = PBXFileReference; lastKnownFileType = text.plist.entitlements; path = RereminderAlarmExtension.entitlements; sourceTree = "<group>"; };
		7E57AB012F30000000000001 /* RereminderTests.xctest */ = {isa = PBXFileReference; explicitFileType = wrapper.cfbundle; includeInIndex = 0; path = RereminderTests.xctest; sourceTree = BUILT_PRODUCTS_DIR; };
		9D0000012F40000000000001 /* RereminderWatchWidgetExtension.appex */ = {isa = PBXFileReference; explicitFileType = "wrapper.app-extension"; includeInIndex = 0; path = RereminderWatchWidgetExtension.appex; sourceTree = BUILT_PRODUCTS_DIR; };
		A78942BCAED1D1FFB2FDB397 /* RereminderClip.app */ = {isa = PBXFileReference; explicitFileType = wrapper.application; includeInIndex = 0; path = RereminderClip.app; sourceTree = BUILT_PRODUCTS_DIR; };
		AA10AB012F20C00000000001 /* RereminderMenuBar.bundle */ = {isa = PBXFileReference; explicitFileType = wrapper.cfbundle; includeInIndex = 0; path = RereminderMenuBar.bundle; sourceTree = BUILT_PRODUCTS_DIR; };
		EB6620CC6445D6B84083B6BC /* Version.xcconfig */ = {isa = PBXFileReference; includeInIndex = 1; lastKnownFileType = text.xcconfig; name = Version.xcconfig; path = Config/Version.xcconfig; sourceTree = "<group>"; };
/* End PBXFileReference section */

/* Begin PBXFileSystemSynchronizedBuildFileExceptionSet section */
		58AA3EA82ECF5356007D4BBD /* Exceptions for "Rereminder" folder in "Rereminder" target */ = {
			isa = PBXFileSystemSynchronizedBuildFileExceptionSet;
			membershipExceptions = (
				Info.plist,
			);
			target = 260414CA2E1B9FA200CBA29B /* Rereminder */;
		};
		58AA3EC72ECF550B007D4BBD /* Exceptions for "RereminderAlarm" folder in "RereminderAlarmExtension" target */ = {
			isa = PBXFileSystemSynchronizedBuildFileExceptionSet;
			membershipExceptions = (
				Info.plist,
			);
			target = 58AA3EAC2ECF5509007D4BBD /* RereminderAlarmExtension */;
		};
		618017290F09A7469C24FD09 /* Exceptions for "RereminderClip" folder in "RereminderClip" target */ = {
			isa = PBXFileSystemSynchronizedBuildFileExceptionSet;
			membershipExceptions = (
				Info.plist,
			);
			target = 6ED914668010A8B195B84C58 /* RereminderClip */;
		};
		674325E3A9FF16648D7C6C22 /* Exceptions for "Shared" folder in "RereminderClip" target */ = {
			isa = PBXFileSystemSynchronizedBuildFileExceptionSet;
			membershipExceptions = (
				DesignSystem/DSAnimation.swift,
				DesignSystem/DSColor.swift,
				DesignSystem/DSFont.swift,
				DesignSystem/DSOpacity.swift,
				DesignSystem/DSRadius.swift,
				DesignSystem/DSSpacing.swift,
				DesignSystem/SharedAccent.swift,
				Modules/AngleCalculator.swift,
				Modules/AppName.swift,
				Modules/DialDragTracker.swift,
				Modules/ring.swift,
				Modules/ThemeManager.swift,
				Modules/TimerEngine.swift,
			);
			target = 6ED914668010A8B195B84C58 /* RereminderClip */;
		};
		883ED4870A7A84F47F564D59 /* Exceptions for "Rereminder" folder in "RereminderClip" target */ = {
			isa = PBXFileSystemSynchronizedBuildFileExceptionSet;
			membershipExceptions = (
				Localizable.xcstrings,
				ViewModels/RingSound.swift,
			);
			target = 6ED914668010A8B195B84C58 /* RereminderClip */;
		};
		9C1569E52ED04576004A4BB4 /* Exceptions for "Shared" folder in "RereminderWatch" target */ = {
			isa = PBXFileSystemSynchronizedBuildFileExceptionSet;
			membershipExceptions = (
				DesignSystem/DSAnimation.swift,
				DesignSystem/DSColor.swift,
				DesignSystem/DSFont.swift,
				DesignSystem/DSOpacity.swift,
				DesignSystem/DSRadius.swift,
				DesignSystem/DSSpacing.swift,
				DesignSystem/RoundedRectRing.swift,
				DesignSystem/SectionPalette.swift,
				Modules/AppName.swift,
				Modules/EscalatingAlert.swift,
				Modules/ring.swift,
				Modules/TimerSections.swift,
				Modules/WatchConnectivityManager.swift,
				Modules/WatchTimerState.swift,
			);
			target = 2B302B092E4375150089A14A /* RereminderWatch */;
		};
		9CA0A72F2F20B473004ABF40 /* Exceptions for "Rereminder" folder in "RereminderWatch" target */ = {
			isa = PBXFileSystemSynchronizedBuildFileExceptionSet;
			membershipExceptions = (
				Localizable.xcstrings,
			);
			target = 2B302B092E4375150089A14A /* RereminderWatch */;
		};
		9CA0A7302F20B473004ABF40 /* Exceptions for "Rereminder" folder in "RereminderAlarmExtension" target */ = {
			isa = PBXFileSystemSynchronizedBuildFileExceptionSet;
			membershipExceptions = (
				Localizable.xcstrings,
			);
			target = 58AA3EAC2ECF5509007D4BBD /* RereminderAlarmExtension */;
		};
		9D0000032F40000000000003 /* Exceptions for "RereminderWatchWidget" folder in "RereminderWatchWidgetExtension" target */ = {
			isa = PBXFileSystemSynchronizedBuildFileExceptionSet;
			membershipExceptions = (
				Info.plist,
			);
			target = 9D0000062F40000000000006 /* RereminderWatchWidgetExtension */;
		};
		9D0000042F40000000000004 /* Exceptions for "Shared" folder in "RereminderWatchWidgetExtension" target */ = {
			isa = PBXFileSystemSynchronizedBuildFileExceptionSet;
			membershipExceptions = (
				Modules/AngleCalculator.swift,
				Modules/AppName.swift,
				Modules/TimerSections.swift,
				Modules/WatchTimerState.swift,
			);
			target = 9D0000062F40000000000006 /* RereminderWatchWidgetExtension */;
		};
		9D0000052F40000000000005 /* Exceptions for "Rereminder" folder in "RereminderWatchWidgetExtension" target */ = {
			isa = PBXFileSystemSynchronizedBuildFileExceptionSet;
			membershipExceptions = (
				Localizable.xcstrings,
			);
			target = 9D0000062F40000000000006 /* RereminderWatchWidgetExtension */;
		};
		A1A1A1A12F20B473004ABF40 /* Exceptions for "Shared" folder in "RereminderAlarmExtension" target */ = {
			isa = PBXFileSystemSynchronizedBuildFileExceptionSet;
			membershipExceptions = (
				DesignSystem/DSAnimation.swift,
				DesignSystem/DSColor.swift,
				DesignSystem/DSFont.swift,
				DesignSystem/DSOpacity.swift,
				DesignSystem/DSRadius.swift,
				DesignSystem/DSSpacing.swift,
				DesignSystem/SharedAccent.swift,
				Intents/LiveActivityIntents.swift,
				Models/TimerActivityAttributes.swift,
				Modules/LiveActivityCommand.swift,
				Modules/LiveActivityController.swift,
			);
			target = 58AA3EAC2ECF5509007D4BBD /* RereminderAlarmExtension */;
		};
/* End PBXFileSystemSynchronizedBuildFileExceptionSet section */

/* Begin PBXFileSystemSynchronizedRootGroup section */
		260414CD2E1B9FA200CBA29B /* Rereminder */ = {
			isa = PBXFileSystemSynchronizedRootGroup;
			exceptions = (
				58AA3EA82ECF5356007D4BBD /* Exceptions for "Rereminder" folder in "Rereminder" target */,
				9CA0A72F2F20B473004ABF40 /* Exceptions for "Rereminder" folder in "RereminderWatch" target */,
				9CA0A7302F20B473004ABF40 /* Exceptions for "Rereminder" folder in "RereminderAlarmExtension" target */,
				883ED4870A7A84F47F564D59 /* Exceptions for "Rereminder" folder in "RereminderClip" target */,
				9D0000052F40000000000005 /* Exceptions for "Rereminder" folder in "RereminderWatchWidgetExtension" target */,
			);
			path = Rereminder;
			sourceTree = "<group>";
		};
		260414E12E1B9FDE00CBA29B /* Shared */ = {
			isa = PBXFileSystemSynchronizedRootGroup;
			exceptions = (
				9C1569E52ED04576004A4BB4 /* Exceptions for "Shared" folder in "RereminderWatch" target */,
				A1A1A1A12F20B473004ABF40 /* Exceptions for "Shared" folder in "RereminderAlarmExtension" target */,
				674325E3A9FF16648D7C6C22 /* Exceptions for "Shared" folder in "RereminderClip" target */,
				9D0000042F40000000000004 /* Exceptions for "Shared" folder in "RereminderWatchWidgetExtension" target */,
			);
			path = Shared;
			sourceTree = "<group>";
		};
		2B302B0B2E4375150089A14A /* RereminderWatch */ = {
			isa = PBXFileSystemSynchronizedRootGroup;
			path = RereminderWatch;
			sourceTree = "<group>";
		};
		58AA3EB32ECF5509007D4BBD /* RereminderAlarm */ = {
			isa = PBXFileSystemSynchronizedRootGroup;
			exceptions = (
				58AA3EC72ECF550B007D4BBD /* Exceptions for "RereminderAlarm" folder in "RereminderAlarmExtension" target */,
			);
			path = RereminderAlarm;
			sourceTree = "<group>";
		};
		717C82F4F68208C4105E4595 /* RereminderClip */ = {
			isa = PBXFileSystemSynchronizedRootGroup;
			exceptions = (
				618017290F09A7469C24FD09 /* Exceptions for "RereminderClip" folder in "RereminderClip" target */,
			);
			path = RereminderClip;
			sourceTree = "<group>";
		};
		7E57AB022F30000000000002 /* RereminderTests */ = {
			isa = PBXFileSystemSynchronizedRootGroup;
			path = RereminderTests;
			sourceTree = "<group>";
		};
		9D0000022F40000000000002 /* RereminderWatchWidget */ = {
			isa = PBXFileSystemSynchronizedRootGroup;
			exceptions = (
				9D0000032F40000000000003 /* Exceptions for "RereminderWatchWidget" folder in "RereminderWatchWidgetExtension" target */,
			);
			path = RereminderWatchWidget;
			sourceTree = "<group>";
		};
		AA10AB022F20C00000000002 /* RereminderMenuBar */ = {
			isa = PBXFileSystemSynchronizedRootGroup;
			path = RereminderMenuBar;
			sourceTree = "<group>";
		};
/* End PBXFileSystemSynchronizedRootGroup section */

/* Begin PBXFrameworksBuildPhase section */
		260414C82E1B9FA200CBA29B /* Frameworks */ = {
			isa = PBXFrameworksBuildPhase;
			buildActionMask = 2147483647;
			files = (
				581D85DC2F48C24200F2F032 /* StoreKit.framework in Frameworks */,
				1EE0C17AC0DE000000000003 /* LeeoKit in Frameworks */,
			);
			runOnlyForDeploymentPostprocessing = 0;
		};
		2B302B072E4375150089A14A /* Frameworks */ = {
			isa = PBXFrameworksBuildPhase;
			buildActionMask = 2147483647;
			files = (
			);
			runOnlyForDeploymentPostprocessing = 0;
		};
		58AA3EAA2ECF5509007D4BBD /* Frameworks */ = {
			isa = PBXFrameworksBuildPhase;
			buildActionMask = 2147483647;
			files = (
				58AA3EB22ECF5509007D4BBD /* SwiftUI.framework in Frameworks */,
				58AA3EB02ECF5509007D4BBD /* WidgetKit.framework in Frameworks */,
			);
			runOnlyForDeploymentPostprocessing = 0;
		};
		7E57AB0A2F3000000000000A /* Frameworks */ = {
			isa = PBXFrameworksBuildPhase;
			buildActionMask = 2147483647;
			files = (
			);
			runOnlyForDeploymentPostprocessing = 0;
		};
		9D0000082F40000000000008 /* Frameworks */ = {
			isa = PBXFrameworksBuildPhase;
			buildActionMask = 2147483647;
			files = (
			);
			runOnlyForDeploymentPostprocessing = 0;
		};
		AA10AB052F20C00000000005 /* Frameworks */ = {
			isa = PBXFrameworksBuildPhase;
			buildActionMask = 2147483647;
			files = (
			);
			runOnlyForDeploymentPostprocessing = 0;
		};
		E3886CE3A414613BFF7BC124 /* Frameworks */ = {
			isa = PBXFrameworksBuildPhase;
			buildActionMask = 2147483647;
			files = (
			);
			runOnlyForDeploymentPostprocessing = 0;
		};
/* End PBXFrameworksBuildPhase section */

/* Begin PBXGroup section */
		12AEEF9E969663E2C9F593A5 /* iOS */ = {
			isa = PBXGroup;
			children = (
			);
			name = iOS;
			sourceTree = "<group>";
		};
		260414C22E1B9FA200CBA29B = {
			isa = PBXGroup;
			children = (
				58AA3ECA2ECF5541007D4BBD /* RereminderAlarmExtension.entitlements */,
				260414E12E1B9FDE00CBA29B /* Shared */,
				260414CD2E1B9FA200CBA29B /* Rereminder */,
				2B302B0B2E4375150089A14A /* RereminderWatch */,
				58AA3EB32ECF5509007D4BBD /* RereminderAlarm */,
				AA10AB022F20C00000000002 /* RereminderMenuBar */,
				7E57AB022F30000000000002 /* RereminderTests */,
				58AA3EAE2ECF5509007D4BBD /* Frameworks */,
				260414CC2E1B9FA200CBA29B /* Products */,
				EB6620CC6445D6B84083B6BC /* Version.xcconfig */,
				717C82F4F68208C4105E4595 /* RereminderClip */,
				9D0000022F40000000000002 /* RereminderWatchWidget */,
			);
			sourceTree = "<group>";
		};
		260414CC2E1B9FA200CBA29B /* Products */ = {
			isa = PBXGroup;
			children = (
				260414CB2E1B9FA200CBA29B /* Rereminder.app */,
				2B302B0A2E4375150089A14A /* RereminderWatch.app */,
				58AA3EAD2ECF5509007D4BBD /* RereminderAlarmExtension.appex */,
				AA10AB012F20C00000000001 /* RereminderMenuBar.bundle */,
				7E57AB012F30000000000001 /* RereminderTests.xctest */,
				A78942BCAED1D1FFB2FDB397 /* RereminderClip.app */,
				9D0000012F40000000000001 /* RereminderWatchWidgetExtension.appex */,
			);
			name = Products;
			sourceTree = "<group>";
		};
		58AA3EAE2ECF5509007D4BBD /* Frameworks */ = {
			isa = PBXGroup;
			children = (
				581D85DB2F48C24200F2F032 /* StoreKit.framework */,
				58AA3EAF2ECF5509007D4BBD /* WidgetKit.framework */,
				58AA3EB12ECF5509007D4BBD /* SwiftUI.framework */,
				12AEEF9E969663E2C9F593A5 /* iOS */,
			);
			name = Frameworks;
			sourceTree = "<group>";
		};
/* End PBXGroup section */

/* Begin PBXNativeTarget section */
		260414CA2E1B9FA200CBA29B /* Rereminder */ = {
			isa = PBXNativeTarget;
			buildConfigurationList = 260414D82E1B9FA400CBA29B /* Build configuration list for PBXNativeTarget "Rereminder" */;
			buildPhases = (
				260414C72E1B9FA200CBA29B /* Sources */,
				260414C82E1B9FA200CBA29B /* Frameworks */,
				260414C92E1B9FA200CBA29B /* Resources */,
				2B302B182E4375170089A14A /* Embed Watch Content */,
				58AA3EC82ECF550B007D4BBD /* Embed Foundation Extensions */,
				AA10AB0C2F20C0000000000C /* Embed PlugIns */,
				E094B04C1B60276B3E7EE857 /* Embed App Clips */,
			);
			buildRules = (
			);
			dependencies = (
				2B302B132E4375170089A14A /* PBXTargetDependency */,
				58AA3EC22ECF550B007D4BBD /* PBXTargetDependency */,
				AA10AB0B2F20C0000000000B /* PBXTargetDependency */,
			);
			fileSystemSynchronizedGroups = (
				260414CD2E1B9FA200CBA29B /* Rereminder */,
				260414E12E1B9FDE00CBA29B /* Shared */,
			);
			name = Rereminder;
			packageProductDependencies = (
				1EE0C17AC0DE000000000002 /* LeeoKit */,
			);
			productName = toki;
			productReference = 260414CB2E1B9FA200CBA29B /* Rereminder.app */;
			productType = "com.apple.product-type.application";
		};
		2B302B092E4375150089A14A /* RereminderWatch */ = {
			isa = PBXNativeTarget;
			buildConfigurationList = 2B302B152E4375170089A14A /* Build configuration list for PBXNativeTarget "RereminderWatch" */;
			buildPhases = (
				2B302B062E4375150089A14A /* Sources */,
				2B302B072E4375150089A14A /* Frameworks */,
				2B302B082E4375150089A14A /* Resources */,
				9D00000D2F4000000000000D /* Embed Foundation Extensions */,
			);
			buildRules = (
			);
			dependencies = (
				9D0000102F40000000000010 /* PBXTargetDependency */,
			);
			fileSystemSynchronizedGroups = (
				2B302B0B2E4375150089A14A /* RereminderWatch */,
			);
			name = RereminderWatch;
			productName = RereminderWatch;
			productReference = 2B302B0A2E4375150089A14A /* RereminderWatch.app */;
			productType = "com.apple.product-type.application";
		};
		58AA3EAC2ECF5509007D4BBD /* RereminderAlarmExtension */ = {
			isa = PBXNativeTarget;
			buildConfigurationList = 58AA3EC42ECF550B007D4BBD /* Build configuration list for PBXNativeTarget "RereminderAlarmExtension" */;
			buildPhases = (
				58AA3EA92ECF5509007D4BBD /* Sources */,
				58AA3EAA2ECF5509007D4BBD /* Frameworks */,
				58AA3EAB2ECF5509007D4BBD /* Resources */,
			);
			buildRules = (
			);
			dependencies = (
			);
			fileSystemSynchronizedGroups = (
				58AA3EB32ECF5509007D4BBD /* RereminderAlarm */,
			);
			name = RereminderAlarmExtension;
			productName = RereminderAlarmExtension;
			productReference = 58AA3EAD2ECF5509007D4BBD /* RereminderAlarmExtension.appex */;
			productType = "com.apple.product-type.app-extension";
		};
		6ED914668010A8B195B84C58 /* RereminderClip */ = {
			isa = PBXNativeTarget;
			buildConfigurationList = 07E0B34FDFD80EB40DB61FB8 /* Build configuration list for PBXNativeTarget "RereminderClip" */;
			buildPhases = (
				63AB8D7FE51CAE2A62BE26CE /* Sources */,
				E3886CE3A414613BFF7BC124 /* Frameworks */,
				D56224A7C80CFFACE779D5FA /* Resources */,
			);
			buildRules = (
			);
			dependencies = (
			);
			fileSystemSynchronizedGroups = (
				717C82F4F68208C4105E4595 /* RereminderClip */,
			);
			name = RereminderClip;
			productName = RereminderClip;
			productReference = A78942BCAED1D1FFB2FDB397 /* RereminderClip.app */;
			productType = "com.apple.product-type.application.on-demand-install-capable";
		};
		7E57AB032F30000000000003 /* RereminderTests */ = {
			isa = PBXNativeTarget;
			buildConfigurationList = 7E57AB072F30000000000007 /* Build configuration list for PBXNativeTarget "RereminderTests" */;
			buildPhases = (
				7E57AB092F30000000000009 /* Sources */,
				7E57AB0A2F3000000000000A /* Frameworks */,
				7E57AB0B2F3000000000000B /* Resources */,
			);
			buildRules = (
			);
			dependencies = (
				7E57AB062F30000000000006 /* PBXTargetDependency */,
			);
			fileSystemSynchronizedGroups = (
				7E57AB022F30000000000002 /* RereminderTests */,
			);
			name = RereminderTests;
			productName = RereminderTests;
			productReference = 7E57AB012F30000000000001 /* RereminderTests.xctest */;
			productType = "com.apple.product-type.bundle.unit-test";
		};
		9D0000062F40000000000006 /* RereminderWatchWidgetExtension */ = {
			isa = PBXNativeTarget;
			buildConfigurationList = 9D00000A2F4000000000000A /* Build configuration list for PBXNativeTarget "RereminderWatchWidgetExtension" */;
			buildPhases = (
				9D0000072F40000000000007 /* Sources */,
				9D0000082F40000000000008 /* Frameworks */,
				9D0000092F40000000000009 /* Resources */,
			);
			buildRules = (
			);
			dependencies = (
			);
			fileSystemSynchronizedGroups = (
				9D0000022F40000000000002 /* RereminderWatchWidget */,
			);
			name = RereminderWatchWidgetExtension;
			productName = RereminderWatchWidgetExtension;
			productReference = 9D0000012F40000000000001 /* RereminderWatchWidgetExtension.appex */;
			productType = "com.apple.product-type.app-extension";
		};
		AA10AB032F20C00000000003 /* RereminderMenuBar */ = {
			isa = PBXNativeTarget;
			buildConfigurationList = AA10AB092F20C00000000009 /* Build configuration list for PBXNativeTarget "RereminderMenuBar" */;
			buildPhases = (
				AA10AB042F20C00000000004 /* Sources */,
				AA10AB052F20C00000000005 /* Frameworks */,
				AA10AB062F20C00000000006 /* Resources */,
			);
			buildRules = (
			);
			dependencies = (
			);
			fileSystemSynchronizedGroups = (
				AA10AB022F20C00000000002 /* RereminderMenuBar */,
			);
			name = RereminderMenuBar;
			productName = RereminderMenuBar;
			productReference = AA10AB012F20C00000000001 /* RereminderMenuBar.bundle */;
			productType = "com.apple.product-type.bundle";
		};
/* End PBXNativeTarget section */

/* Begin PBXProject section */
		260414C32E1B9FA200CBA29B /* Project object */ = {
			isa = PBXProject;
			attributes = {
				BuildIndependentTargetsInParallel = 1;
				LastSwiftUpdateCheck = 2600;
				LastUpgradeCheck = 2620;
				TargetAttributes = {
					260414CA2E1B9FA200CBA29B = {
						CreatedOnToolsVersion = 16.4;
					};
					2B302B092E4375150089A14A = {
						CreatedOnToolsVersion = 16.4;
					};
					58AA3EAC2ECF5509007D4BBD = {
						CreatedOnToolsVersion = 26.0;
					};
					7E57AB032F30000000000003 = {
						CreatedOnToolsVersion = 26.0;
						TestTargetID = 260414CA2E1B9FA200CBA29B;
					};
				};
			};
			buildConfigurationList = 260414C62E1B9FA200CBA29B /* Build configuration list for PBXProject "Rereminder" */;
			developmentRegion = ko;
			hasScannedForEncodings = 0;
			knownRegions = (
				en,
				Base,
				ko,
				ja,
				"zh-Hans",
				"zh-Hant",
			);
			mainGroup = 260414C22E1B9FA200CBA29B;
			minimizedProjectReferenceProxies = 1;
			packageReferences = (
				1EE0C17AC0DE000000000001 /* XCRemoteSwiftPackageReference "LeeoKit" */,
			);
			preferredProjectObjectVersion = 77;
			productRefGroup = 260414CC2E1B9FA200CBA29B /* Products */;
			projectDirPath = "";
			projectRoot = "";
			targets = (
				260414CA2E1B9FA200CBA29B /* Rereminder */,
				2B302B092E4375150089A14A /* RereminderWatch */,
				58AA3EAC2ECF5509007D4BBD /* RereminderAlarmExtension */,
				AA10AB032F20C00000000003 /* RereminderMenuBar */,
				7E57AB032F30000000000003 /* RereminderTests */,
				6ED914668010A8B195B84C58 /* RereminderClip */,
				9D0000062F40000000000006 /* RereminderWatchWidgetExtension */,
			);
		};
/* End PBXProject section */

/* Begin PBXResourcesBuildPhase section */
		260414C92E1B9FA200CBA29B /* Resources */ = {
			isa = PBXResourcesBuildPhase;
			buildActionMask = 2147483647;
			files = (
			);
			runOnlyForDeploymentPostprocessing = 0;
		};
		2B302B082E4375150089A14A /* Resources */ = {
			isa = PBXResourcesBuildPhase;
			buildActionMask = 2147483647;
			files = (
			);
			runOnlyForDeploymentPostprocessing = 0;
		};
		58AA3EAB2ECF5509007D4BBD /* Resources */ = {
			isa = PBXResourcesBuildPhase;
			buildActionMask = 2147483647;
			files = (
			);
			runOnlyForDeploymentPostprocessing = 0;
		};
		7E57AB0B2F3000000000000B /* Resources */ = {
			isa = PBXResourcesBuildPhase;
			buildActionMask = 2147483647;
			files = (
			);
			runOnlyForDeploymentPostprocessing = 0;
		};
		9D0000092F40000000000009 /* Resources */ = {
			isa = PBXResourcesBuildPhase;
			buildActionMask = 2147483647;
			files = (
			);
			runOnlyForDeploymentPostprocessing = 0;
		};
		AA10AB062F20C00000000006 /* Resources */ = {
			isa = PBXResourcesBuildPhase;
			buildActionMask = 2147483647;
			files = (
			);
			runOnlyForDeploymentPostprocessing = 0;
		};
		D56224A7C80CFFACE779D5FA /* Resources */ = {
			isa = PBXResourcesBuildPhase;
			buildActionMask = 2147483647;
			files = (
			);
			runOnlyForDeploymentPostprocessing = 0;
		};
/* End PBXResourcesBuildPhase section */

/* Begin PBXSourcesBuildPhase section */
		260414C72E1B9FA200CBA29B /* Sources */ = {
			isa = PBXSourcesBuildPhase;
			buildActionMask = 2147483647;
			files = (
			);
			runOnlyForDeploymentPostprocessing = 0;
		};
		2B302B062E4375150089A14A /* Sources */ = {
			isa = PBXSourcesBuildPhase;
			buildActionMask = 2147483647;
			files = (
			);
			runOnlyForDeploymentPostprocessing = 0;
		};
		58AA3EA92ECF5509007D4BBD /* Sources */ = {
			isa = PBXSourcesBuildPhase;
			buildActionMask = 2147483647;
			files = (
			);
			runOnlyForDeploymentPostprocessing = 0;
		};
		63AB8D7FE51CAE2A62BE26CE /* Sources */ = {
			isa = PBXSourcesBuildPhase;
			buildActionMask = 2147483647;
			files = (
			);
			runOnlyForDeploymentPostprocessing = 0;
		};
		7E57AB092F30000000000009 /* Sources */ = {
			isa = PBXSourcesBuildPhase;
			buildActionMask = 2147483647;
			files = (
			);
			runOnlyForDeploymentPostprocessing = 0;
		};
		9D0000072F40000000000007 /* Sources */ = {
			isa = PBXSourcesBuildPhase;
			buildActionMask = 2147483647;
			files = (
			);
			runOnlyForDeploymentPostprocessing = 0;
		};
		AA10AB042F20C00000000004 /* Sources */ = {
			isa = PBXSourcesBuildPhase;
			buildActionMask = 2147483647;
			files = (
			);
			runOnlyForDeploymentPostprocessing = 0;
		};
/* End PBXSourcesBuildPhase section */

/* Begin PBXTargetDependency section */
		2B302B132E4375170089A14A /* PBXTargetDependency */ = {
			isa = PBXTargetDependency;
			platformFilter = ios;
			target = 2B302B092E4375150089A14A /* RereminderWatch */;
			targetProxy = 2B302B122E4375170089A14A /* PBXContainerItemProxy */;
		};
		454D3869CE4B00C1FF7146B1 /* PBXTargetDependency */ = {
			isa = PBXTargetDependency;
			name = RereminderClip;
			target = 6ED914668010A8B195B84C58 /* RereminderClip */;
			targetProxy = 99710589F5E66A7D0F32C3B8 /* PBXContainerItemProxy */;
		};
		58AA3EC22ECF550B007D4BBD /* PBXTargetDependency */ = {
			isa = PBXTargetDependency;
			platformFilter = ios;
			target = 58AA3EAC2ECF5509007D4BBD /* RereminderAlarmExtension */;
			targetProxy = 58AA3EC12ECF550B007D4BBD /* PBXContainerItemProxy */;
		};
		7E57AB062F30000000000006 /* PBXTargetDependency */ = {
			isa = PBXTargetDependency;
			target = 260414CA2E1B9FA200CBA29B /* Rereminder */;
			targetProxy = 7E57AB052F30000000000005 /* PBXContainerItemProxy */;
		};
		9D0000102F40000000000010 /* PBXTargetDependency */ = {
			isa = PBXTargetDependency;
			target = 9D0000062F40000000000006 /* RereminderWatchWidgetExtension */;
			targetProxy = 9D00000F2F4000000000000F /* PBXContainerItemProxy */;
		};
		AA10AB0B2F20C0000000000B /* PBXTargetDependency */ = {
			isa = PBXTargetDependency;
			platformFilter = maccatalyst;
			target = AA10AB032F20C00000000003 /* RereminderMenuBar */;
			targetProxy = AA10AB0A2F20C0000000000A /* PBXContainerItemProxy */;
		};
/* End PBXTargetDependency section */

/* Begin XCBuildConfiguration section */
		260414D62E1B9FA400CBA29B /* Debug */ = {
			isa = XCBuildConfiguration;
			baseConfigurationReference = EB6620CC6445D6B84083B6BC /* Version.xcconfig */;
			buildSettings = {
				ALWAYS_SEARCH_USER_PATHS = NO;
				ASSETCATALOG_COMPILER_GENERATE_SWIFT_ASSET_SYMBOL_EXTENSIONS = YES;
				CLANG_ANALYZER_LOCALIZABILITY_NONLOCALIZED = YES;
				CLANG_ANALYZER_NONNULL = YES;
				CLANG_ANALYZER_NUMBER_OBJECT_CONVERSION = YES_AGGRESSIVE;
				CLANG_CXX_LANGUAGE_STANDARD = "gnu++20";
				CLANG_ENABLE_MODULES = YES;
				CLANG_ENABLE_OBJC_ARC = YES;
				CLANG_ENABLE_OBJC_WEAK = YES;
				CLANG_WARN_BLOCK_CAPTURE_AUTORELEASING = YES;
				CLANG_WARN_BOOL_CONVERSION = YES;
				CLANG_WARN_COMMA = YES;
				CLANG_WARN_CONSTANT_CONVERSION = YES;
				CLANG_WARN_DEPRECATED_OBJC_IMPLEMENTATIONS = YES;
				CLANG_WARN_DIRECT_OBJC_ISA_USAGE = YES_ERROR;
				CLANG_WARN_DOCUMENTATION_COMMENTS = YES;
				CLANG_WARN_EMPTY_BODY = YES;
				CLANG_WARN_ENUM_CONVERSION = YES;
				CLANG_WARN_INFINITE_RECURSION = YES;
				CLANG_WARN_INT_CONVERSION = YES;
				CLANG_WARN_NON_LITERAL_NULL_CONVERSION = YES;
				CLANG_WARN_OBJC_IMPLICIT_RETAIN_SELF = YES;
				CLANG_WARN_OBJC_LITERAL_CONVERSION = YES;
				CLANG_WARN_OBJC_ROOT_CLASS = YES_ERROR;
				CLANG_WARN_QUOTED_INCLUDE_IN_FRAMEWORK_HEADER = YES;
				CLANG_WARN_RANGE_LOOP_ANALYSIS = YES;
				CLANG_WARN_STRICT_PROTOTYPES = YES;
				CLANG_WARN_SUSPICIOUS_MOVE = YES;
				CLANG_WARN_UNGUARDED_AVAILABILITY = YES_AGGRESSIVE;
				CLANG_WARN_UNREACHABLE_CODE = YES;
				CLANG_WARN__DUPLICATE_METHOD_MATCH = YES;
				COPY_PHASE_STRIP = NO;
				DEBUG_INFORMATION_FORMAT = dwarf;
				DEVELOPMENT_TEAM = MC42SV6CN7;
				ENABLE_STRICT_OBJC_MSGSEND = YES;
				ENABLE_TESTABILITY = YES;
				ENABLE_USER_SCRIPT_SANDBOXING = YES;
				GCC_C_LANGUAGE_STANDARD = gnu17;
				GCC_DYNAMIC_NO_PIC = NO;
				GCC_NO_COMMON_BLOCKS = YES;
				GCC_OPTIMIZATION_LEVEL = 0;
				GCC_PREPROCESSOR_DEFINITIONS = (
					"DEBUG=1",
					"$(inherited)",
				);
				GCC_WARN_64_TO_32_BIT_CONVERSION = YES;
				GCC_WARN_ABOUT_RETURN_TYPE = YES_ERROR;
				GCC_WARN_UNDECLARED_SELECTOR = YES;
				GCC_WARN_UNINITIALIZED_AUTOS = YES_AGGRESSIVE;
				GCC_WARN_UNUSED_FUNCTION = YES;
				GCC_WARN_UNUSED_VARIABLE = YES;
				IPHONEOS_DEPLOYMENT_TARGET = 26.0;
				LOCALIZATION_PREFERS_STRING_CATALOGS = YES;
				MTL_ENABLE_DEBUG_INFO = INCLUDE_SOURCE;
				MTL_FAST_MATH = YES;
				ONLY_ACTIVE_ARCH = YES;
				SDKROOT = iphoneos;
				STRING_CATALOG_GENERATE_SYMBOLS = YES;
				SWIFT_ACTIVE_COMPILATION_CONDITIONS = "DEBUG $(inherited)";
				SWIFT_EMIT_LOC_STRINGS = YES;
				SWIFT_OPTIMIZATION_LEVEL = "-Onone";
			};
			name = Debug;
		};
		260414D72E1B9FA400CBA29B /* Release */ = {
			isa = XCBuildConfiguration;
			baseConfigurationReference = EB6620CC6445D6B84083B6BC /* Version.xcconfig */;
			buildSettings = {
				ALWAYS_SEARCH_USER_PATHS = NO;
				ASSETCATALOG_COMPILER_GENERATE_SWIFT_ASSET_SYMBOL_EXTENSIONS = YES;
				CLANG_ANALYZER_LOCALIZABILITY_NONLOCALIZED = YES;
				CLANG_ANALYZER_NONNULL = YES;
				CLANG_ANALYZER_NUMBER_OBJECT_CONVERSION = YES_AGGRESSIVE;
				CLANG_CXX_LANGUAGE_STANDARD = "gnu++20";
				CLANG_ENABLE_MODULES = YES;
				CLANG_ENABLE_OBJC_ARC = YES;
				CLANG_ENABLE_OBJC_WEAK = YES;
				CLANG_WARN_BLOCK_CAPTURE_AUTORELEASING = YES;
				CLANG_WARN_BOOL_CONVERSION = YES;
				CLANG_WARN_COMMA = YES;
				CLANG_WARN_CONSTANT_CONVERSION = YES;
				CLANG_WARN_DEPRECATED_OBJC_IMPLEMENTATIONS = YES;
				CLANG_WARN_DIRECT_OBJC_ISA_USAGE = YES_ERROR;
				CLANG_WARN_DOCUMENTATION_COMMENTS = YES;
				CLANG_WARN_EMPTY_BODY = YES;
				CLANG_WARN_ENUM_CONVERSION = YES;
				CLANG_WARN_INFINITE_RECURSION = YES;
				CLANG_WARN_INT_CONVERSION = YES;
				CLANG_WARN_NON_LITERAL_NULL_CONVERSION = YES;
				CLANG_WARN_OBJC_IMPLICIT_RETAIN_SELF = YES;
				CLANG_WARN_OBJC_LITERAL_CONVERSION = YES;
				CLANG_WARN_OBJC_ROOT_CLASS = YES_ERROR;
				CLANG_WARN_QUOTED_INCLUDE_IN_FRAMEWORK_HEADER = YES;
				CLANG_WARN_RANGE_LOOP_ANALYSIS = YES;
				CLANG_WARN_STRICT_PROTOTYPES = YES;
				CLANG_WARN_SUSPICIOUS_MOVE = YES;
				CLANG_WARN_UNGUARDED_AVAILABILITY = YES_AGGRESSIVE;
				CLANG_WARN_UNREACHABLE_CODE = YES;
				CLANG_WARN__DUPLICATE_METHOD_MATCH = YES;
				COPY_PHASE_STRIP = NO;
				DEBUG_INFORMATION_FORMAT = "dwarf-with-dsym";
				DEVELOPMENT_TEAM = MC42SV6CN7;
				ENABLE_NS_ASSERTIONS = NO;
				ENABLE_STRICT_OBJC_MSGSEND = YES;
				ENABLE_USER_SCRIPT_SANDBOXING = YES;
				GCC_C_LANGUAGE_STANDARD = gnu17;
				GCC_NO_COMMON_BLOCKS = YES;
				GCC_WARN_64_TO_32_BIT_CONVERSION = YES;
				GCC_WARN_ABOUT_RETURN_TYPE = YES_ERROR;
				GCC_WARN_UNDECLARED_SELECTOR = YES;
				GCC_WARN_UNINITIALIZED_AUTOS = YES_AGGRESSIVE;
				GCC_WARN_UNUSED_FUNCTION = YES;
				GCC_WARN_UNUSED_VARIABLE = YES;
				IPHONEOS_DEPLOYMENT_TARGET = 26.0;
				LOCALIZATION_PREFERS_STRING_CATALOGS = YES;
				MTL_ENABLE_DEBUG_INFO = NO;
				MTL_FAST_MATH = YES;
				SDKROOT = iphoneos;
				STRING_CATALOG_GENERATE_SYMBOLS = YES;
				SWIFT_COMPILATION_MODE = wholemodule;
				SWIFT_EMIT_LOC_STRINGS = YES;
				VALIDATE_PRODUCT = YES;
			};
			name = Release;
		};
		260414D92E1B9FA400CBA29B /* Debug */ = {
			isa = XCBuildConfiguration;
			buildSettings = {
				ASSETCATALOG_COMPILER_APPICON_NAME = AppIcon;
				ASSETCATALOG_COMPILER_GLOBAL_ACCENT_COLOR_NAME = AccentColor;
				CODE_SIGN_ENTITLEMENTS = Rereminder/Rereminder.entitlements;
				"CODE_SIGN_ENTITLEMENTS[sdk=macosx*]" = "Rereminder/Rereminder-macCatalyst.entitlements";
				CODE_SIGN_STYLE = Automatic;
				DEVELOPMENT_TEAM = QGAQ3AY3R3;
				ENABLE_PREVIEWS = YES;
				GENERATE_INFOPLIST_FILE = YES;
				INFOPLIST_FILE = Rereminder/Info.plist;
				INFOPLIST_KEY_CFBundleDisplayName = "두번알림";
				INFOPLIST_KEY_LSApplicationCategoryType = "public.app-category.productivity";
				INFOPLIST_KEY_NSSupportsLiveActivities = YES;
				INFOPLIST_KEY_UIApplicationSceneManifest_Generation = YES;
				INFOPLIST_KEY_UIApplicationSupportsIndirectInputEvents = YES;
				INFOPLIST_KEY_UILaunchScreen_Generation = YES;
				INFOPLIST_KEY_UISupportedInterfaceOrientations_iPad = "UIInterfaceOrientationPortrait UIInterfaceOrientationPortraitUpsideDown UIInterfaceOrientationLandscapeLeft UIInterfaceOrientationLandscapeRight";
				INFOPLIST_KEY_UISupportedInterfaceOrientations_iPhone = "UIInterfaceOrientationPortrait UIInterfaceOrientationLandscapeLeft UIInterfaceOrientationLandscapeRight";
				IPHONEOS_DEPLOYMENT_TARGET = 26.0;
				LD_RUNPATH_SEARCH_PATHS = (
					"$(inherited)",
					"@executable_path/Frameworks",
				);
				PRODUCT_BUNDLE_IDENTIFIER = com.xa.toki;
				PRODUCT_NAME = "$(TARGET_NAME)";
				SUPPORTED_PLATFORMS = "iphoneos iphonesimulator";
				SUPPORTS_MACCATALYST = YES;
				SUPPORTS_MAC_DESIGNED_FOR_IPHONE_IPAD = NO;
				SUPPORTS_XR_DESIGNED_FOR_IPHONE_IPAD = NO;
				SWIFT_EMIT_LOC_STRINGS = YES;
				SWIFT_VERSION = 5.0;
				TARGETED_DEVICE_FAMILY = 1;
				"TARGETED_DEVICE_FAMILY[sdk=macosx*]" = "2,6";
			};
			name = Debug;
		};
		260414DA2E1B9FA400CBA29B /* Release */ = {
			isa = XCBuildConfiguration;
			buildSettings = {
				ASSETCATALOG_COMPILER_APPICON_NAME = AppIcon;
				ASSETCATALOG_COMPILER_GLOBAL_ACCENT_COLOR_NAME = AccentColor;
				CODE_SIGN_ENTITLEMENTS = Rereminder/Rereminder.entitlements;
				"CODE_SIGN_ENTITLEMENTS[sdk=macosx*]" = "Rereminder/Rereminder-macCatalyst.entitlements";
				CODE_SIGN_STYLE = Automatic;
				DEVELOPMENT_TEAM = QGAQ3AY3R3;
				ENABLE_PREVIEWS = YES;
				GENERATE_INFOPLIST_FILE = YES;
				INFOPLIST_FILE = Rereminder/Info.plist;
				INFOPLIST_KEY_CFBundleDisplayName = "두번알림";
				INFOPLIST_KEY_LSApplicationCategoryType = "public.app-category.productivity";
				INFOPLIST_KEY_NSSupportsLiveActivities = YES;
				INFOPLIST_KEY_UIApplicationSceneManifest_Generation = YES;
				INFOPLIST_KEY_UIApplicationSupportsIndirectInputEvents = YES;
				INFOPLIST_KEY_UILaunchScreen_Generation = YES;
				INFOPLIST_KEY_UISupportedInterfaceOrientations_iPad = "UIInterfaceOrientationPortrait UIInterfaceOrientationPortraitUpsideDown UIInterfaceOrientationLandscapeLeft UIInterfaceOrientationLandscapeRight";
				INFOPLIST_KEY_UISupportedInterfaceOrientations_iPhone = "UIInterfaceOrientationPortrait UIInterfaceOrientationLandscapeLeft UIInterfaceOrientationLandscapeRight";
				IPHONEOS_DEPLOYMENT_TARGET = 26.0;
				LD_RUNPATH_SEARCH_PATHS = (
					"$(inherited)",
					"@executable_path/Frameworks",
				);
				PRODUCT_BUNDLE_IDENTIFIER = com.xa.toki;
				PRODUCT_NAME = "$(TARGET_NAME)";
				SUPPORTED_PLATFORMS = "iphoneos iphonesimulator";
				SUPPORTS_MACCATALYST = YES;
				SUPPORTS_MAC_DESIGNED_FOR_IPHONE_IPAD = NO;
				SUPPORTS_XR_DESIGNED_FOR_IPHONE_IPAD = NO;
				SWIFT_EMIT_LOC_STRINGS = YES;
				SWIFT_VERSION = 5.0;
				TARGETED_DEVICE_FAMILY = 1;
				"TARGETED_DEVICE_FAMILY[sdk=macosx*]" = "2,6";
			};
			name = Release;
		};
		2B302B162E4375170089A14A /* Debug */ = {
			isa = XCBuildConfiguration;
			buildSettings = {
				ASSETCATALOG_COMPILER_APPICON_NAME = AppIcon;
				ASSETCATALOG_COMPILER_GLOBAL_ACCENT_COLOR_NAME = AccentColor;
				CODE_SIGN_ENTITLEMENTS = RereminderWatch/RereminderWatch.entitlements;
				CODE_SIGN_STYLE = Automatic;
				DEVELOPMENT_TEAM = QGAQ3AY3R3;
				ENABLE_PREVIEWS = YES;
				GENERATE_INFOPLIST_FILE = YES;
				INFOPLIST_FILE = "RereminderWatch-Info.plist";
				INFOPLIST_KEY_CFBundleDisplayName = "두번알림";
				INFOPLIST_KEY_UISupportedInterfaceOrientations = "UIInterfaceOrientationPortrait UIInterfaceOrientationPortraitUpsideDown";
				INFOPLIST_KEY_WKCompanionAppBundleIdentifier = com.xa.toki;
				LD_RUNPATH_SEARCH_PATHS = (
					"$(inherited)",
					"@executable_path/Frameworks",
				);
				PRODUCT_BUNDLE_IDENTIFIER = com.xa.toki.watchkitapp;
				PRODUCT_NAME = "$(TARGET_NAME)";
				SDKROOT = watchos;
				SKIP_INSTALL = YES;
				SWIFT_EMIT_LOC_STRINGS = YES;
				SWIFT_VERSION = 5.0;
				TARGETED_DEVICE_FAMILY = 4;
				WATCHOS_DEPLOYMENT_TARGET = 11.6;
			};
			name = Debug;
		};
		2B302B172E4375170089A14A /* Release */ = {
			isa = XCBuildConfiguration;
			buildSettings = {
				ASSETCATALOG_COMPILER_APPICON_NAME = AppIcon;
				ASSETCATALOG_COMPILER_GLOBAL_ACCENT_COLOR_NAME = AccentColor;
				CODE_SIGN_ENTITLEMENTS = RereminderWatch/RereminderWatch.entitlements;
				CODE_SIGN_STYLE = Automatic;
				DEVELOPMENT_TEAM = QGAQ3AY3R3;
				ENABLE_PREVIEWS = YES;
				GENERATE_INFOPLIST_FILE = YES;
				INFOPLIST_FILE = "RereminderWatch-Info.plist";
				INFOPLIST_KEY_CFBundleDisplayName = "두번알림";
				INFOPLIST_KEY_UISupportedInterfaceOrientations = "UIInterfaceOrientationPortrait UIInterfaceOrientationPortraitUpsideDown";
				INFOPLIST_KEY_WKCompanionAppBundleIdentifier = com.xa.toki;
				LD_RUNPATH_SEARCH_PATHS = (
					"$(inherited)",
					"@executable_path/Frameworks",
				);
				PRODUCT_BUNDLE_IDENTIFIER = com.xa.toki.watchkitapp;
				PRODUCT_NAME = "$(TARGET_NAME)";
				SDKROOT = watchos;
				SKIP_INSTALL = YES;
				SWIFT_EMIT_LOC_STRINGS = YES;
				SWIFT_VERSION = 5.0;
				TARGETED_DEVICE_FAMILY = 4;
				WATCHOS_DEPLOYMENT_TARGET = 11.6;
			};
			name = Release;
		};
		57C3A05459CF5DEA67936C9E /* Debug */ = {
			isa = XCBuildConfiguration;
			buildSettings = {
				ASSETCATALOG_COMPILER_APPICON_NAME = AppIcon;
				ASSETCATALOG_COMPILER_GLOBAL_ACCENT_COLOR_NAME = AccentColor;
				CLANG_ENABLE_OBJC_WEAK = NO;
				CODE_SIGN_ENTITLEMENTS = RereminderClip/RereminderClip.entitlements;
				CODE_SIGN_STYLE = Automatic;
				DEVELOPMENT_TEAM = QGAQ3AY3R3;
				ENABLE_PREVIEWS = YES;
				GENERATE_INFOPLIST_FILE = YES;
				INFOPLIST_FILE = RereminderClip/Info.plist;
				INFOPLIST_KEY_CFBundleDisplayName = "두번알림";
				INFOPLIST_KEY_UIApplicationSceneManifest_Generation = YES;
				INFOPLIST_KEY_UIApplicationSupportsIndirectInputEvents = YES;
				INFOPLIST_KEY_UILaunchScreen_Generation = YES;
				INFOPLIST_KEY_UISupportedInterfaceOrientations_iPhone = UIInterfaceOrientationPortrait;
				IPHONEOS_DEPLOYMENT_TARGET = 26.0;
				PRODUCT_BUNDLE_IDENTIFIER = com.xa.toki.Clip;
				PRODUCT_NAME = "$(TARGET_NAME)";
				SDKROOT = iphoneos;
				SUPPORTED_PLATFORMS = "iphoneos iphonesimulator";
				SWIFT_ACTIVE_COMPILATION_CONDITIONS = "APPCLIP DEBUG $(inherited)";
				SWIFT_EMIT_LOC_STRINGS = YES;
				SWIFT_VERSION = 5.0;
				TARGETED_DEVICE_FAMILY = 1;
			};
			name = Debug;
		};
		58AA3EC52ECF550B007D4BBD /* Debug */ = {
			isa = XCBuildConfiguration;
			buildSettings = {
				ASSETCATALOG_COMPILER_GLOBAL_ACCENT_COLOR_NAME = AccentColor;
				ASSETCATALOG_COMPILER_WIDGET_BACKGROUND_COLOR_NAME = WidgetBackground;
				CODE_SIGN_ENTITLEMENTS = RereminderAlarmExtension.entitlements;
				CODE_SIGN_STYLE = Automatic;
				DEVELOPMENT_TEAM = QGAQ3AY3R3;
				GENERATE_INFOPLIST_FILE = YES;
				INFOPLIST_FILE = RereminderAlarm/Info.plist;
				INFOPLIST_KEY_CFBundleDisplayName = RereminderAlarm;
				INFOPLIST_KEY_NSHumanReadableCopyright = "";
				IPHONEOS_DEPLOYMENT_TARGET = 26.0;
				LD_RUNPATH_SEARCH_PATHS = (
					"$(inherited)",
					"@executable_path/Frameworks",
					"@executable_path/../../Frameworks",
				);
				PRODUCT_BUNDLE_IDENTIFIER = com.xa.toki.RereminderAlarm;
				PRODUCT_NAME = "$(TARGET_NAME)";
				SKIP_INSTALL = YES;
				STRING_CATALOG_GENERATE_SYMBOLS = YES;
				SWIFT_APPROACHABLE_CONCURRENCY = YES;
				SWIFT_EMIT_LOC_STRINGS = YES;
				SWIFT_UPCOMING_FEATURE_MEMBER_IMPORT_VISIBILITY = YES;
				SWIFT_VERSION = 5.0;
				TARGETED_DEVICE_FAMILY = 1;
				"TARGETED_DEVICE_FAMILY[sdk=macosx*]" = "2,6";
			};
			name = Debug;
		};
		58AA3EC62ECF550B007D4BBD /* Release */ = {
			isa = XCBuildConfiguration;
			buildSettings = {
				ASSETCATALOG_COMPILER_GLOBAL_ACCENT_COLOR_NAME = AccentColor;
				ASSETCATALOG_COMPILER_WIDGET_BACKGROUND_COLOR_NAME = WidgetBackground;
				CODE_SIGN_ENTITLEMENTS = RereminderAlarmExtension.entitlements;
				CODE_SIGN_STYLE = Automatic;
				DEVELOPMENT_TEAM = QGAQ3AY3R3;
				GENERATE_INFOPLIST_FILE = YES;
				INFOPLIST_FILE = RereminderAlarm/Info.plist;
				INFOPLIST_KEY_CFBundleDisplayName = RereminderAlarm;
				INFOPLIST_KEY_NSHumanReadableCopyright = "";
				IPHONEOS_DEPLOYMENT_TARGET = 26.0;
				LD_RUNPATH_SEARCH_PATHS = (
					"$(inherited)",
					"@executable_path/Frameworks",
					"@executable_path/../../Frameworks",
				);
				PRODUCT_BUNDLE_IDENTIFIER = com.xa.toki.RereminderAlarm;
				PRODUCT_NAME = "$(TARGET_NAME)";
				SKIP_INSTALL = YES;
				STRING_CATALOG_GENERATE_SYMBOLS = YES;
				SWIFT_APPROACHABLE_CONCURRENCY = YES;
				SWIFT_EMIT_LOC_STRINGS = YES;
				SWIFT_UPCOMING_FEATURE_MEMBER_IMPORT_VISIBILITY = YES;
				SWIFT_VERSION = 5.0;
				TARGETED_DEVICE_FAMILY = 1;
				"TARGETED_DEVICE_FAMILY[sdk=macosx*]" = "2,6";
			};
			name = Release;
		};
		7E57AB0C2F3000000000000C /* Debug */ = {
			isa = XCBuildConfiguration;
			buildSettings = {
				BUNDLE_LOADER = "$(TEST_HOST)";
				CODE_SIGN_STYLE = Automatic;
				DEVELOPMENT_TEAM = QGAQ3AY3R3;
				GENERATE_INFOPLIST_FILE = YES;
				IPHONEOS_DEPLOYMENT_TARGET = 26.0;
				PRODUCT_BUNDLE_IDENTIFIER = com.xa.toki.RereminderTests;
				PRODUCT_NAME = "$(TARGET_NAME)";
				SDKROOT = iphoneos;
				SWIFT_EMIT_LOC_STRINGS = NO;
				SWIFT_VERSION = 5.0;
				TARGETED_DEVICE_FAMILY = "1,2";
				TEST_HOST = "$(BUILT_PRODUCTS_DIR)/Rereminder.app/$(BUNDLE_EXECUTABLE_FOLDER_PATH)/Rereminder";
			};
			name = Debug;
		};
		7E57AB0D2F3000000000000D /* Release */ = {
			isa = XCBuildConfiguration;
			buildSettings = {
				BUNDLE_LOADER = "$(TEST_HOST)";
				CODE_SIGN_STYLE = Automatic;
				DEVELOPMENT_TEAM = QGAQ3AY3R3;
				GENERATE_INFOPLIST_FILE = YES;
				IPHONEOS_DEPLOYMENT_TARGET = 26.0;
				PRODUCT_BUNDLE_IDENTIFIER = com.xa.toki.RereminderTests;
				PRODUCT_NAME = "$(TARGET_NAME)";
				SDKROOT = iphoneos;
				SWIFT_EMIT_LOC_STRINGS = NO;
				SWIFT_VERSION = 5.0;
				TARGETED_DEVICE_FAMILY = "1,2";
				TEST_HOST = "$(BUILT_PRODUCTS_DIR)/Rereminder.app/$(BUNDLE_EXECUTABLE_FOLDER_PATH)/Rereminder";
			};
			name = Release;
		};
		9D00000B2F4000000000000B /* Debug */ = {
			isa = XCBuildConfiguration;
			buildSettings = {
				ASSETCATALOG_COMPILER_GLOBAL_ACCENT_COLOR_NAME = AccentColor;
				CODE_SIGN_ENTITLEMENTS = RereminderWatchWidget/RereminderWatchWidget.entitlements;
				CODE_SIGN_STYLE = Automatic;
				DEVELOPMENT_TEAM = QGAQ3AY3R3;
				GENERATE_INFOPLIST_FILE = YES;
				INFOPLIST_FILE = RereminderWatchWidget/Info.plist;
				INFOPLIST_KEY_CFBundleDisplayName = RereminderWatchWidget;
				INFOPLIST_KEY_NSHumanReadableCopyright = "";
				LD_RUNPATH_SEARCH_PATHS = (
					"$(inherited)",
					"@executable_path/Frameworks",
					"@executable_path/../../Frameworks",
				);
				PRODUCT_BUNDLE_IDENTIFIER = com.xa.toki.watchkitapp.widget;
				PRODUCT_NAME = "$(TARGET_NAME)";
				SDKROOT = watchos;
				SKIP_INSTALL = YES;
				STRING_CATALOG_GENERATE_SYMBOLS = YES;
				SWIFT_EMIT_LOC_STRINGS = YES;
				SWIFT_VERSION = 5.0;
				TARGETED_DEVICE_FAMILY = 4;
				WATCHOS_DEPLOYMENT_TARGET = 11.6;
			};
			name = Debug;
		};
		9D00000C2F4000000000000C /* Release */ = {
			isa = XCBuildConfiguration;
			buildSettings = {
				ASSETCATALOG_COMPILER_GLOBAL_ACCENT_COLOR_NAME = AccentColor;
				CODE_SIGN_ENTITLEMENTS = RereminderWatchWidget/RereminderWatchWidget.entitlements;
				CODE_SIGN_STYLE = Automatic;
				DEVELOPMENT_TEAM = QGAQ3AY3R3;
				GENERATE_INFOPLIST_FILE = YES;
				INFOPLIST_FILE = RereminderWatchWidget/Info.plist;
				INFOPLIST_KEY_CFBundleDisplayName = RereminderWatchWidget;
				INFOPLIST_KEY_NSHumanReadableCopyright = "";
				LD_RUNPATH_SEARCH_PATHS = (
					"$(inherited)",
					"@executable_path/Frameworks",
					"@executable_path/../../Frameworks",
				);
				PRODUCT_BUNDLE_IDENTIFIER = com.xa.toki.watchkitapp.widget;
				PRODUCT_NAME = "$(TARGET_NAME)";
				SDKROOT = watchos;
				SKIP_INSTALL = YES;
				STRING_CATALOG_GENERATE_SYMBOLS = YES;
				SWIFT_EMIT_LOC_STRINGS = YES;
				SWIFT_VERSION = 5.0;
				TARGETED_DEVICE_FAMILY = 4;
				WATCHOS_DEPLOYMENT_TARGET = 11.6;
			};
			name = Release;
		};
		AA10AB072F20C00000000007 /* Debug */ = {
			isa = XCBuildConfiguration;
			buildSettings = {
				CODE_SIGN_STYLE = Automatic;
				COMBINE_HIDPI_IMAGES = YES;
				DEVELOPMENT_TEAM = QGAQ3AY3R3;
				GENERATE_INFOPLIST_FILE = YES;
				INFOPLIST_KEY_NSPrincipalClass = RRMenuBarController;
				MACOSX_DEPLOYMENT_TARGET = 15.0;
				PRODUCT_BUNDLE_IDENTIFIER = com.xa.toki.MenuBar;
				PRODUCT_NAME = "$(TARGET_NAME)";
				SDKROOT = macosx;
				SKIP_INSTALL = YES;
				SWIFT_EMIT_LOC_STRINGS = YES;
				SWIFT_VERSION = 5.0;
				WRAPPER_EXTENSION = bundle;
			};
			name = Debug;
		};
		AA10AB082F20C00000000008 /* Release */ = {
			isa = XCBuildConfiguration;
			buildSettings = {
				CODE_SIGN_STYLE = Automatic;
				COMBINE_HIDPI_IMAGES = YES;
				DEVELOPMENT_TEAM = QGAQ3AY3R3;
				GENERATE_INFOPLIST_FILE = YES;
				INFOPLIST_KEY_NSPrincipalClass = RRMenuBarController;
				MACOSX_DEPLOYMENT_TARGET = 15.0;
				PRODUCT_BUNDLE_IDENTIFIER = com.xa.toki.MenuBar;
				PRODUCT_NAME = "$(TARGET_NAME)";
				SDKROOT = macosx;
				SKIP_INSTALL = YES;
				SWIFT_EMIT_LOC_STRINGS = YES;
				SWIFT_VERSION = 5.0;
				WRAPPER_EXTENSION = bundle;
			};
			name = Release;
		};
		CCB38009AA818C35CF82F425 /* Release */ = {
			isa = XCBuildConfiguration;
			buildSettings = {
				ASSETCATALOG_COMPILER_APPICON_NAME = AppIcon;
				ASSETCATALOG_COMPILER_GLOBAL_ACCENT_COLOR_NAME = AccentColor;
				CLANG_ENABLE_OBJC_WEAK = NO;
				CODE_SIGN_ENTITLEMENTS = RereminderClip/RereminderClip.entitlements;
				CODE_SIGN_STYLE = Automatic;
				DEVELOPMENT_TEAM = QGAQ3AY3R3;
				ENABLE_PREVIEWS = YES;
				GENERATE_INFOPLIST_FILE = YES;
				INFOPLIST_FILE = RereminderClip/Info.plist;
				INFOPLIST_KEY_CFBundleDisplayName = "두번알림";
				INFOPLIST_KEY_UIApplicationSceneManifest_Generation = YES;
				INFOPLIST_KEY_UIApplicationSupportsIndirectInputEvents = YES;
				INFOPLIST_KEY_UILaunchScreen_Generation = YES;
				INFOPLIST_KEY_UISupportedInterfaceOrientations_iPhone = UIInterfaceOrientationPortrait;
				IPHONEOS_DEPLOYMENT_TARGET = 26.0;
				PRODUCT_BUNDLE_IDENTIFIER = com.xa.toki.Clip;
				PRODUCT_NAME = "$(TARGET_NAME)";
				SDKROOT = iphoneos;
				SUPPORTED_PLATFORMS = "iphoneos iphonesimulator";
				SWIFT_ACTIVE_COMPILATION_CONDITIONS = "APPCLIP $(inherited)";
				SWIFT_EMIT_LOC_STRINGS = YES;
				SWIFT_VERSION = 5.0;
				TARGETED_DEVICE_FAMILY = 1;
				VALIDATE_PRODUCT = YES;
			};
			name = Release;
		};
/* End XCBuildConfiguration section */

/* Begin XCConfigurationList section */
		07E0B34FDFD80EB40DB61FB8 /* Build configuration list for PBXNativeTarget "RereminderClip" */ = {
			isa = XCConfigurationList;
			buildConfigurations = (
				CCB38009AA818C35CF82F425 /* Release */,
				57C3A05459CF5DEA67936C9E /* Debug */,
			);
			defaultConfigurationIsVisible = 0;
			defaultConfigurationName = Release;
		};
		260414C62E1B9FA200CBA29B /* Build configuration list for PBXProject "Rereminder" */ = {
			isa = XCConfigurationList;
			buildConfigurations = (
				260414D62E1B9FA400CBA29B /* Debug */,
				260414D72E1B9FA400CBA29B /* Release */,
			);
			defaultConfigurationIsVisible = 0;
			defaultConfigurationName = Release;
		};
		260414D82E1B9FA400CBA29B /* Build configuration list for PBXNativeTarget "Rereminder" */ = {
			isa = XCConfigurationList;
			buildConfigurations = (
				260414D92E1B9FA400CBA29B /* Debug */,
				260414DA2E1B9FA400CBA29B /* Release */,
			);
			defaultConfigurationIsVisible = 0;
			defaultConfigurationName = Release;
		};
		2B302B152E4375170089A14A /* Build configuration list for PBXNativeTarget "RereminderWatch" */ = {
			isa = XCConfigurationList;
			buildConfigurations = (
				2B302B162E4375170089A14A /* Debug */,
				2B302B172E4375170089A14A /* Release */,
			);
			defaultConfigurationIsVisible = 0;
			defaultConfigurationName = Release;
		};
		58AA3EC42ECF550B007D4BBD /* Build configuration list for PBXNativeTarget "RereminderAlarmExtension" */ = {
			isa = XCConfigurationList;
			buildConfigurations = (
				58AA3EC52ECF550B007D4BBD /* Debug */,
				58AA3EC62ECF550B007D4BBD /* Release */,
			);
			defaultConfigurationIsVisible = 0;
			defaultConfigurationName = Release;
		};
		7E57AB072F30000000000007 /* Build configuration list for PBXNativeTarget "RereminderTests" */ = {
			isa = XCConfigurationList;
			buildConfigurations = (
				7E57AB0C2F3000000000000C /* Debug */,
				7E57AB0D2F3000000000000D /* Release */,
			);
			defaultConfigurationIsVisible = 0;
			defaultConfigurationName = Release;
		};
		9D00000A2F4000000000000A /* Build configuration list for PBXNativeTarget "RereminderWatchWidgetExtension" */ = {
			isa = XCConfigurationList;
			buildConfigurations = (
				9D00000B2F4000000000000B /* Debug */,
				9D00000C2F4000000000000C /* Release */,
			);
			defaultConfigurationIsVisible = 0;
			defaultConfigurationName = Release;
		};
		AA10AB092F20C00000000009 /* Build configuration list for PBXNativeTarget "RereminderMenuBar" */ = {
			isa = XCConfigurationList;
			buildConfigurations = (
				AA10AB072F20C00000000007 /* Debug */,
				AA10AB082F20C00000000008 /* Release */,
			);
			defaultConfigurationIsVisible = 0;
			defaultConfigurationName = Release;
		};
/* End XCConfigurationList section */

/* Begin XCRemoteSwiftPackageReference section */
		1EE0C17AC0DE000000000001 /* XCRemoteSwiftPackageReference "LeeoKit" */ = {
			isa = XCRemoteSwiftPackageReference;
			repositoryURL = "https://github.com/M1zz/LeeoKit.git";
			requirement = {
				kind = upToNextMajorVersion;
				minimumVersion = 2.9.0;
			};
		};
/* End XCRemoteSwiftPackageReference section */

/* Begin XCSwiftPackageProductDependency section */
		1EE0C17AC0DE000000000002 /* LeeoKit */ = {
			isa = XCSwiftPackageProductDependency;
			package = 1EE0C17AC0DE000000000001 /* XCRemoteSwiftPackageReference "LeeoKit" */;
			productName = LeeoKit;
		};
/* End XCSwiftPackageProductDependency section */
	};
	rootObject = 260414C32E1B9FA200CBA29B /* Project object */;
}
